
Microsoft Visual Studio Solution File, Format Version 12.00
# Visual Studio Version 17
VisualStudioVersion = 17.4.33122.133
MinimumVisualStudioVersion = 10.0.40219.1
Project("{FAE04EC0-301F-11D3-BF4B-00C04F79EFBC}") = "csarp", "csarp\csarp.csproj", "{E9D7946D-DC0F-4AC2-A9BE-0F5512BA69BB}"
EndProject
Global
	GlobalSection(SolutionConfigurationPlatforms) = preSolution
		Debug|Any CPU = Debug|Any CPU
		Release|Any CPU = Release|Any CPU
	EndGlobalSection
	GlobalSection(ProjectConfigurationPlatforms) = postSolution
		{E9D7946D-DC0F-4AC2-A9BE-0F5512BA69BB}.Debug|Any CPU.ActiveCfg = Debug|Any CPU
		{E9D7946D-DC0F-4AC2-A9BE-0F5512BA69BB}.Debug|Any CPU.Build.0 = Debug|Any CPU
		{E9D7946D-DC0F-4AC2-A9BE-0F5512BA69BB}.Release|Any CPU.ActiveCfg = Release|Any CPU
		{E9D7946D-DC0F-4AC2-A9BE-0F5512BA69BB}.Release|Any CPU.Build.0 = Release|Any CPU
	EndGlobalSection
	GlobalSection(SolutionProperties) = preSolution
		HideSolutionNode = FALSE
	EndGlobalSection
	GlobalSection(ExtensibilityGlobals) = postSolution
		SolutionGuid = {1A7B5583-F345-4FA4-BB48-A739BA4CB908}
	EndGlobalSection
EndGlobal
